// !$*UTF8*$!
{
	archiveVersion = 1;
	classes = {
	};
	objectVersion = 56;
	objects = {

/* Begin PBXBuildFile section */
		DF4003342A1B6CBA0087A552 /* DrawingDetectionApp.swift in Sources */ = {isa = PBXBuildFile; fileRef = DF4003332A1B6CBA0087A552 /* DrawingDetectionApp.swift */; };
		DF4003362A1B6CBA0087A552 /* ContentView.swift in Sources */ = {isa = PBXBuildFile; fileRef = DF4003352A1B6CBA0087A552 /* ContentView.swift */; };
		DF4003382A1B6CBB0087A552 /* Assets.xcassets in Resources */ = {isa = PBXBuildFile; fileRef = DF4003372A1B6CBB0087A552 /* Assets.xcassets */; };
		DF40033B2A1B6CBB0087A552 /* Preview Assets.xcassets in Resources */ = {isa = PBXBuildFile; fileRef = DF40033A2A1B6CBB0087A552 /* Preview Assets.xcassets */; };
		DF4003452A1B747A0087A552 /* ViewModel.swift in Sources */ = {isa = PBXBuildFile; fileRef = DF4003442A1B747A0087A552 /* ViewModel.swift */; };
		DF40034D2A1B881B0087A552 /* UIImage ext..swift in Sources */ = {isa = PBXBuildFile; fileRef = DF40034C2A1B881B0087A552 /* UIImage ext..swift */; };
		DF4003502A1BAB9F0087A552 /* Line.swift in Sources */ = {isa = PBXBuildFile; fileRef = DF40034F2A1BAB9F0087A552 /* Line.swift */; };
		DFCAD6C22A30C46300E81C8A /* MyDrawingClassifier.mlpackage in Sources */ = {isa = PBXBuildFile; fileRef = DFCAD6C12A30C46300E81C8A /* MyDrawingClassifier.mlpackage */; };
/* End PBXBuildFile section */

/* Begin PBXFileReference section */
		DF4003302A1B6CBA0087A552 /* DrawingDetection.app */ = {isa = PBXFileReference; explicitFileType = wrapper.application; includeInIndex = 0; path = DrawingDetection.app; sourceTree = BUILT_PRODUCTS_DIR; };
		DF4003332A1B6CBA0087A552 /* DrawingDetectionApp.swift */ = {isa = PBXFileReference; lastKnownFileType = sourcecode.swift; path = DrawingDetectionApp.swift; sourceTree = "<group>"; };
		DF4003352A1B6CBA0087A552 /* ContentView.swift */ = {isa = PBXFileReference; lastKnownFileType = sourcecode.swift; path = ContentView.swift; sourceTree = "<group>"; };
		DF4003372A1B6CBB0087A552 /* Assets.xcassets */ = {isa = PBXFileReference; lastKnownFileType = folder.assetcatalog; path = Assets.xcassets; sourceTree = "<group>"; };
		DF40033A2A1B6CBB0087A552 /* Preview Assets.xcassets */ = {isa = PBXFileReference; lastKnownFileType = folder.assetcatalog; path = "Preview Assets.xcassets"; sourceTree = "<group>"; };
		DF4003442A1B747A0087A552 /* ViewModel.swift */ = {isa = PBXFileReference; lastKnownFileType = sourcecode.swift; path = ViewModel.swift; sourceTree = "<group>"; };
		DF40034C2A1B881B0087A552 /* UIImage ext..swift */ = {isa = PBXFileReference; lastKnownFileType = sourcecode.swift; path = "UIImage ext..swift"; sourceTree = "<group>"; };
		DF40034F2A1BAB9F0087A552 /* Line.swift */ = {isa = PBXFileReference; lastKnownFileType = sourcecode.swift; path = Line.swift; sourceTree = "<group>"; };
		DFCAD6C12A30C46300E81C8A /* MyDrawingClassifier.mlpackage */ = {isa = PBXFileReference; lastKnownFileType = folder.mlpackage; path = MyDrawingClassifier.mlpackage; sourceTree = "<group>"; };
/* End PBXFileReference section */

/* Begin PBXFrameworksBuildPhase section */
		DF40032D2A1B6CBA0087A552 /* Frameworks */ = {
			isa = PBXFrameworksBuildPhase;
			buildActionMask = 2147483647;
			files = (
			);
			runOnlyForDeploymentPostprocessing = 0;
		};
/* End PBXFrameworksBuildPhase section */

/* Begin PBXGroup section */
		DF4003272A1B6CBA0087A552 = {
			isa = PBXGroup;
			children = (
				DF4003322A1B6CBA0087A552 /* DrawingDetection */,
				DF4003312A1B6CBA0087A552 /* Products */,
			);
			sourceTree = "<group>";
		};
		DF4003312A1B6CBA0087A552 /* Products */ = {
			isa = PBXGroup;
			children = (
				DF4003302A1B6CBA0087A552 /* DrawingDetection.app */,
			);
			name = Products;
			sourceTree = "<group>";
		};
		DF4003322A1B6CBA0087A552 /* DrawingDetection */ = {
			isa = PBXGroup;
			children = (
				DF4003332A1B6CBA0087A552 /* DrawingDetectionApp.swift */,
				DF4003462A1B7C1F0087A552 /* View */,
				DF40034E2A1BAB960087A552 /* Model */,
				DF4003432A1B746F0087A552 /* ViewModel */,
				DF4003492A1B7E780087A552 /* Extension */,
				DFCAD6C12A30C46300E81C8A /* MyDrawingClassifier.mlpackage */,
				DF4003372A1B6CBB0087A552 /* Assets.xcassets */,
				DF4003392A1B6CBB0087A552 /* Preview Content */,
			);
			path = DrawingDetection;
			sourceTree = "<group>";
		};
		DF4003392A1B6CBB0087A552 /* Preview Content */ = {
			isa = PBXGroup;
			children = (
				DF40033A2A1B6CBB0087A552 /* Preview Assets.xcassets */,
			);
			path = "Preview Content";
			sourceTree = "<group>";
		};
		DF4003432A1B746F0087A552 /* ViewModel */ = {
			isa = PBXGroup;
			children = (
				DF4003442A1B747A0087A552 /* ViewModel.swift */,
			);
			path = ViewModel;
			sourceTree = "<group>";
		};
		DF4003462A1B7C1F0087A552 /* View */ = {
			isa = PBXGroup;
			children = (
				DF4003352A1B6CBA0087A552 /* ContentView.swift */,
			);
			path = View;
			sourceTree = "<group>";
		};
		DF4003492A1B7E780087A552 /* Extension */ = {
			isa = PBXGroup;
			children = (
				DF40034C2A1B881B0087A552 /* UIImage ext..swift */,
			);
			path = Extension;
			sourceTree = "<group>";
		};
		DF40034E2A1BAB960087A552 /* Model */ = {
			isa = PBXGroup;
			children = (
				DF40034F2A1BAB9F0087A552 /* Line.swift */,
			);
			path = Model;
			sourceTree = "<group>";
		};
/* End PBXGroup section */

/* Begin PBXNativeTarget section */
		DF40032F2A1B6CBA0087A552 /* DrawingDetection */ = {
			isa = PBXNativeTarget;
			buildConfigurationList = DF40033E2A1B6CBB0087A552 /* Build configuration list for PBXNativeTarget "DrawingDetection" */;
			buildPhases = (
				DF40032C2A1B6CBA0087A552 /* Sources */,
				DF40032D2A1B6CBA0087A552 /* Frameworks */,
				DF40032E2A1B6CBA0087A552 /* Resources */,
			);
			buildRules = (
			);
			dependencies = (
			);
			name = DrawingDetection;
			productName = DrawingDetection;
			productReference = DF4003302A1B6CBA0087A552 /* DrawingDetection.app */;
			productType = "com.apple.product-type.application";
		};
/* End PBXNativeTarget section */

/* Begin PBXProject section */
		DF4003282A1B6CBA0087A552 /* Project object */ = {
			isa = PBXProject;
			attributes = {
				BuildIndependentTargetsInParallel = 1;
				LastSwiftUpdateCheck = 1420;
				LastUpgradeCheck = 1420;
				TargetAttributes = {
					DF40032F2A1B6CBA0087A552 = {
						CreatedOnToolsVersion = 14.2;
					};
				};
			};
			buildConfigurationList = DF40032B2A1B6CBA0087A552 /* Build configuration list for PBXProject "DrawingDetection" */;
			compatibilityVersion = "Xcode 14.0";
			developmentRegion = en;
			hasScannedForEncodings = 0;
			knownRegions = (
				en,
				Base,
			);
			mainGroup = DF4003272A1B6CBA0087A552;
			productRefGroup = DF4003312A1B6CBA0087A552 /* Products */;
			projectDirPath = "";
			projectRoot = "";
			targets = (
				DF40032F2A1B6CBA0087A552 /* DrawingDetection */,
			);
		};
/* End PBXProject section */

/* Begin PBXResourcesBuildPhase section */
		DF40032E2A1B6CBA0087A552 /* Resources */ = {
			isa = PBXResourcesBuildPhase;
			buildActionMask = 2147483647;
			files = (
				DF40033B2A1B6CBB0087A552 /* Preview Assets.xcassets in Resources */,
				DF4003382A1B6CBB0087A552 /* Assets.xcassets in Resources */,
			);
			runOnlyForDeploymentPostprocessing = 0;
		};
/* End PBXResourcesBuildPhase section */

/* Begin PBXSourcesBuildPhase section */
		DF40032C2A1B6CBA0087A552 /* Sources */ = {
			isa = PBXSourcesBuildPhase;
			buildActionMask = 2147483647;
			files = (
				DF4003362A1B6CBA0087A552 /* ContentView.swift in Sources */,
				DF40034D2A1B881B0087A552 /* UIImage ext..swift in Sources */,
				DF4003342A1B6CBA0087A552 /* DrawingDetectionApp.swift in Sources */,
				DF4003502A1BAB9F0087A552 /* Line.swift in Sources */,
				DF4003452A1B747A0087A552 /* ViewModel.swift in Sources */,
				DFCAD6C22A30C46300E81C8A /* MyDrawingClassifier.mlpackage in Sources */,
			);
			runOnlyForDeploymentPostprocessing = 0;
		};
/* End PBXSourcesBuildPhase section */

/* Begin XCBuildConfiguration section */
		DF40033C2A1B6CBB0087A552 /* Debug */ = {
			isa = XCBuildConfiguration;
			buildSettings = {
				ALWAYS_SEARCH_USER_PATHS = NO;
				CLANG_ANALYZER_NONNULL = YES;
				CLANG_ANALYZER_NUMBER_OBJECT_CONVERSION = YES_AGGRESSIVE;
				CLANG_CXX_LANGUAGE_STANDARD = "gnu++20";
				CLANG_ENABLE_MODULES = YES;
				CLANG_ENABLE_OBJC_ARC = YES;
				CLANG_ENABLE_OBJC_WEAK = YES;
				CLANG_WARN_BLOCK_CAPTURE_AUTORELEASING = YES;
				CLANG_WARN_BOOL_CONVERSION = YES;
				CLANG_WARN_COMMA = YES;
				CLANG_WARN_CONSTANT_CONVERSION = YES;
				CLANG_WARN_DEPRECATED_OBJC_IMPLEMENTATIONS = YES;
				CLANG_WARN_DIRECT_OBJC_ISA_USAGE = YES_ERROR;
				CLANG_WARN_DOCUMENTATION_COMMENTS = YES;
				CLANG_WARN_EMPTY_BODY = YES;
				CLANG_WARN_ENUM_CONVERSION = YES;
				CLANG_WARN_INFINITE_RECURSION = YES;
				CLANG_WARN_INT_CONVERSION = YES;
				CLANG_WARN_NON_LITERAL_NULL_CONVERSION = YES;
				CLANG_WARN_OBJC_IMPLICIT_RETAIN_SELF = YES;
				CLANG_WARN_OBJC_LITERAL_CONVERSION = YES;
				CLANG_WARN_OBJC_ROOT_CLASS = YES_ERROR;
				CLANG_WARN_QUOTED_INCLUDE_IN_FRAMEWORK_HEADER = YES;
				CLANG_WARN_RANGE_LOOP_ANALYSIS = YES;
				CLANG_WARN_STRICT_PROTOTYPES = YES;
				CLANG_WARN_SUSPICIOUS_MOVE = YES;
				CLANG_WARN_UNGUARDED_AVAILABILITY = YES_AGGRESSIVE;
				CLANG_WARN_UNREACHABLE_CODE = YES;
				CLANG_WARN__DUPLICATE_METHOD_MATCH = YES;
				COPY_PHASE_STRIP = NO;
				DEBUG_INFORMATION_FORMAT = dwarf;
				ENABLE_STRICT_OBJC_MSGSEND = YES;
				ENABLE_TESTABILITY = YES;
				GCC_C_LANGUAGE_STANDARD = gnu11;
				GCC_DYNAMIC_NO_PIC = NO;
				GCC_NO_COMMON_BLOCKS = YES;
				GCC_OPTIMIZATION_LEVEL = 0;
				GCC_PREPROCESSOR_DEFINITIONS = (
					"DEBUG=1",
					"$(inherited)",
				);
				GCC_WARN_64_TO_32_BIT_CONVERSION = YES;
				GCC_WARN_ABOUT_RETURN_TYPE = YES_ERROR;
				GCC_WARN_UNDECLARED_SELECTOR = YES;
				GCC_WARN_UNINITIALIZED_AUTOS = YES_AGGRESSIVE;
				GCC_WARN_UNUSED_FUNCTION = YES;
				GCC_WARN_UNUSED_VARIABLE = YES;
				IPHONEOS_DEPLOYMENT_TARGET = 16.2;
				MTL_ENABLE_DEBUG_INFO = INCLUDE_SOURCE;
				MTL_FAST_MATH = YES;
				ONLY_ACTIVE_ARCH = YES;
				SDKROOT = iphoneos;
				SWIFT_ACTIVE_COMPILATION_CONDITIONS = DEBUG;
				SWIFT_OPTIMIZATION_LEVEL = "-Onone";
			};
			name = Debug;
		};
		DF40033D2A1B6CBB0087A552 /* Release */ = {
			isa = XCBuildConfiguration;
			buildSettings = {
				ALWAYS_SEARCH_USER_PATHS = NO;
				CLANG_ANALYZER_NONNULL = YES;
				CLANG_ANALYZER_NUMBER_OBJECT_CONVERSION = YES_AGGRESSIVE;
				CLANG_CXX_LANGUAGE_STANDARD = "gnu++20";
				CLANG_ENABLE_MODULES = YES;
				CLANG_ENABLE_OBJC_ARC = YES;
				CLANG_ENABLE_OBJC_WEAK = YES;
				CLANG_WARN_BLOCK_CAPTURE_AUTORELEASING = YES;
				CLANG_WARN_BOOL_CONVERSION = YES;
				CLANG_WARN_COMMA = YES;
				CLANG_WARN_CONSTANT_CONVERSION = YES;
				CLANG_WARN_DEPRECATED_OBJC_IMPLEMENTATIONS = YES;
				CLANG_WARN_DIRECT_OBJC_ISA_USAGE = YES_ERROR;
				CLANG_WARN_DOCUMENTATION_COMMENTS = YES;
				CLANG_WARN_EMPTY_BODY = YES;
				CLANG_WARN_ENUM_CONVERSION = YES;
				CLANG_WARN_INFINITE_RECURSION = YES;
				CLANG_WARN_INT_CONVERSION = YES;
				CLANG_WARN_NON_LITERAL_NULL_CONVERSION = YES;
				CLANG_WARN_OBJC_IMPLICIT_RETAIN_SELF = YES;
				CLANG_WARN_OBJC_LITERAL_CONVERSION = YES;
				CLANG_WARN_OBJC_ROOT_CLASS = YES_ERROR;
				CLANG_WARN_QUOTED_INCLUDE_IN_FRAMEWORK_HEADER = YES;
				CLANG_WARN_RANGE_LOOP_ANALYSIS = YES;
				CLANG_WARN_STRICT_PROTOTYPES = YES;
				CLANG_WARN_SUSPICIOUS_MOVE = YES;
				CLANG_WARN_UNGUARDED_AVAILABILITY = YES_AGGRESSIVE;
				CLANG_WARN_UNREACHABLE_CODE = YES;
				CLANG_WARN__DUPLICATE_METHOD_MATCH = YES;
				COPY_PHASE_STRIP = NO;
				DEBUG_INFORMATION_FORMAT = "dwarf-with-dsym";
				ENABLE_NS_ASSERTIONS = NO;
				ENABLE_STRICT_OBJC_MSGSEND = YES;
				GCC_C_LANGUAGE_STANDARD = gnu11;
				GCC_NO_COMMON_BLOCKS = YES;
				GCC_WARN_64_TO_32_BIT_CONVERSION = YES;
				GCC_WARN_ABOUT_RETURN_TYPE = YES_ERROR;
				GCC_WARN_UNDECLARED_SELECTOR = YES;
				GCC_WARN_UNINITIALIZED_AUTOS = YES_AGGRESSIVE;
				GCC_WARN_UNUSED_FUNCTION = YES;
				GCC_WARN_UNUSED_VARIABLE = YES;
				IPHONEOS_DEPLOYMENT_TARGET = 16.2;
				MTL_ENABLE_DEBUG_INFO = NO;
				MTL_FAST_MATH = YES;
				SDKROOT = iphoneos;
				SWIFT_COMPILATION_MODE = wholemodule;
				SWIFT_OPTIMIZATION_LEVEL = "-O";
				VALIDATE_PRODUCT = YES;
			};
			name = Release;
		};
		DF40033F2A1B6CBB0087A552 /* Debug */ = {
			isa = XCBuildConfiguration;
			buildSettings = {
				ASSETCATALOG_COMPILER_APPICON_NAME = AppIcon;
				ASSETCATALOG_COMPILER_GLOBAL_ACCENT_COLOR_NAME = AccentColor;
				CODE_SIGN_STYLE = Automatic;
				CURRENT_PROJECT_VERSION = 1;
				DEVELOPMENT_ASSET_PATHS = "\"DrawingDetection/Preview Content\"";
				DEVELOPMENT_TEAM = 8R29TH66V6;
				ENABLE_PREVIEWS = YES;
				GENERATE_INFOPLIST_FILE = YES;
				INFOPLIST_KEY_NSPhotoLibraryUsageDescription = "Our app needs to access your library";
				INFOPLIST_KEY_UIApplicationSceneManifest_Generation = YES;
				INFOPLIST_KEY_UIApplicationSupportsIndirectInputEvents = YES;
				INFOPLIST_KEY_UILaunchScreen_Generation = YES;
				INFOPLIST_KEY_UISupportedInterfaceOrientations_iPad = "UIInterfaceOrientationPortrait UIInterfaceOrientationPortraitUpsideDown UIInterfaceOrientationLandscapeLeft UIInterfaceOrientationLandscapeRight";
				INFOPLIST_KEY_UISupportedInterfaceOrientations_iPhone = "UIInterfaceOrientationPortrait UIInterfaceOrientationLandscapeLeft UIInterfaceOrientationLandscapeRight";
				LD_RUNPATH_SEARCH_PATHS = (
					"$(inherited)",
					"@executable_path/Frameworks",
				);
				MARKETING_VERSION = 1.0;
				PRODUCT_BUNDLE_IDENTIFIER = "Khawlah-Khalid.DrawingDetection";
				PRODUCT_NAME = "$(TARGET_NAME)";
				SWIFT_EMIT_LOC_STRINGS = YES;
				SWIFT_VERSION = 5.0;
				TARGETED_DEVICE_FAMILY = "1,2";
			};
			name = Debug;
		};
		DF4003402A1B6CBB0087A552 /* Release */ = {
			isa = XCBuildConfiguration;
			buildSettings = {
				ASSETCATALOG_COMPILER_APPICON_NAME = AppIcon;
				ASSETCATALOG_COMPILER_GLOBAL_ACCENT_COLOR_NAME = AccentColor;
				CODE_SIGN_STYLE = Automatic;
				CURRENT_PROJECT_VERSION = 1;
				DEVELOPMENT_ASSET_PATHS = "\"DrawingDetection/Preview Content\"";
				DEVELOPMENT_TEAM = 8R29TH66V6;
				ENABLE_PREVIEWS = YES;
				GENERATE_INFOPLIST_FILE = YES;
				INFOPLIST_KEY_NSPhotoLibraryUsageDescription = "Our app needs to access your library";
				INFOPLIST_KEY_UIApplicationSceneManifest_Generation = YES;
				INFOPLIST_KEY_UIApplicationSupportsIndirectInputEvents = YES;
				INFOPLIST_KEY_UILaunchScreen_Generation = YES;
				INFOPLIST_KEY_UISupportedInterfaceOrientations_iPad = "UIInterfaceOrientationPortrait UIInterfaceOrientationPortraitUpsideDown UIInterfaceOrientationLandscapeLeft UIInterfaceOrientationLandscapeRight";
				INFOPLIST_KEY_UISupportedInterfaceOrientations_iPhone = "UIInterfaceOrientationPortrait UIInterfaceOrientationLandscapeLeft UIInterfaceOrientationLandscapeRight";
				LD_RUNPATH_SEARCH_PATHS = (
					"$(inherited)",
					"@executable_path/Frameworks",
				);
				MARKETING_VERSION = 1.0;
				PRODUCT_BUNDLE_IDENTIFIER = "Khawlah-Khalid.DrawingDetection";
				PRODUCT_NAME = "$(TARGET_NAME)";
				SWIFT_EMIT_LOC_STRINGS = YES;
				SWIFT_VERSION = 5.0;
				TARGETED_DEVICE_FAMILY = "1,2";
			};
			name = Release;
		};
/* End XCBuildConfiguration section */

/* Begin XCConfigurationList section */
		DF40032B2A1B6CBA0087A552 /* Build configuration list for PBXProject "DrawingDetection" */ = {
			isa = XCConfigurationList;
			buildConfigurations = (
				DF40033C2A1B6CBB0087A552 /* Debug */,
				DF40033D2A1B6CBB0087A552 /* Release */,
			);
			defaultConfigurationIsVisible = 0;
			defaultConfigurationName = Release;
		};
		DF40033E2A1B6CBB0087A552 /* Build configuration list for PBXNativeTarget "DrawingDetection" */ = {
			isa = XCConfigurationList;
			buildConfigurations = (
				DF40033F2A1B6CBB0087A552 /* Debug */,
				DF4003402A1B6CBB0087A552 /* Release */,
			);
			defaultConfigurationIsVisible = 0;
			defaultConfigurationName = Release;
		};
/* End XCConfigurationList section */
	};
	rootObject = DF4003282A1B6CBA0087A552 /* Project object */;
}
